
Microsoft Visual Studio Solution File, Format Version 12.00
# Visual Studio Version 16
VisualStudioVersion = 16.0.29102.190
MinimumVisualStudioVersion = 10.0.40219.1
Project("{FAE04EC0-301F-11D3-BF4B-00C04F79EFBC}") = "XamarinUP2018.Android", "XamarinUP2018\XamarinUP2018.Android\XamarinUP2018.Android.csproj", "{F06A0599-CDC6-4F6F-866A-4F4B6F27B57D}"
EndProject
Project("{FAE04EC0-301F-11D3-BF4B-00C04F79EFBC}") = "XamarinUP2018.iOS", "XamarinUP2018\XamarinUP2018.iOS\XamarinUP2018.iOS.csproj", "{ED1EC96F-17FA-4435-889C-A9BB173AAD32}"
EndProject
Project("{FAE04EC0-301F-11D3-BF4B-00C04F79EFBC}") = "XamarinUP2018", "XamarinUP2018\XamarinUP2018\XamarinUP2018.csproj", "{A8A3BCE2-6260-4918-86B0-B5694B00DDE3}"
EndProject
Global
	GlobalSection(SolutionConfigurationPlatforms) = preSolution
		Debug|Any CPU = Debug|Any CPU
		Debug|iPhone = Debug|iPhone
		Debug|iPhoneSimulator = Debug|iPhoneSimulator
		Release|Any CPU = Release|Any CPU
		Release|iPhone = Release|iPhone
		Release|iPhoneSimulator = Release|iPhoneSimulator
	EndGlobalSection
	GlobalSection(ProjectConfigurationPlatforms) = postSolution
		{F06A0599-CDC6-4F6F-866A-4F4B6F27B57D}.Debug|Any CPU.ActiveCfg = Debug|Any CPU
		{F06A0599-CDC6-4F6F-866A-4F4B6F27B57D}.Debug|Any CPU.Build.0 = Debug|Any CPU
		{F06A0599-CDC6-4F6F-866A-4F4B6F27B57D}.Debug|Any CPU.Deploy.0 = Debug|Any CPU
		{F06A0599-CDC6-4F6F-866A-4F4B6F27B57D}.Debug|iPhone.ActiveCfg = Debug|Any CPU
		{F06A0599-CDC6-4F6F-866A-4F4B6F27B57D}.Debug|iPhone.Build.0 = Debug|Any CPU
		{F06A0599-CDC6-4F6F-866A-4F4B6F27B57D}.Debug|iPhone.Deploy.0 = Debug|Any CPU
		{F06A0599-CDC6-4F6F-866A-4F4B6F27B57D}.Debug|iPhoneSimulator.ActiveCfg = Debug|Any CPU
		{F06A0599-CDC6-4F6F-866A-4F4B6F27B57D}.Debug|iPhoneSimulator.Build.0 = Debug|Any CPU
		{F06A0599-CDC6-4F6F-866A-4F4B6F27B57D}.Debug|iPhoneSimulator.Deploy.0 = Debug|Any CPU
		{F06A0599-CDC6-4F6F-866A-4F4B6F27B57D}.Release|Any CPU.ActiveCfg = Release|Any CPU
		{F06A0599-CDC6-4F6F-866A-4F4B6F27B57D}.Release|Any CPU.Build.0 = Release|Any CPU
		{F06A0599-CDC6-4F6F-866A-4F4B6F27B57D}.Release|Any CPU.Deploy.0 = Release|Any CPU
		{F06A0599-CDC6-4F6F-866A-4F4B6F27B57D}.Release|iPhone.ActiveCfg = Release|Any CPU
		{F06A0599-CDC6-4F6F-866A-4F4B6F27B57D}.Release|iPhone.Build.0 = Release|Any CPU
		{F06A0599-CDC6-4F6F-866A-4F4B6F27B57D}.Release|iPhone.Deploy.0 = Release|Any CPU
		{F06A0599-CDC6-4F6F-866A-4F4B6F27B57D}.Release|iPhoneSimulator.ActiveCfg = Release|Any CPU
		{F06A0599-CDC6-4F6F-866A-4F4B6F27B57D}.Release|iPhoneSimulator.Build.0 = Release|Any CPU
		{F06A0599-CDC6-4F6F-866A-4F4B6F27B57D}.Release|iPhoneSimulator.Deploy.0 = Release|Any CPU
		{ED1EC96F-17FA-4435-889C-A9BB173AAD32}.Debug|Any CPU.ActiveCfg = Debug|iPhoneSimulator
		{ED1EC96F-17FA-4435-889C-A9BB173AAD32}.Debug|Any CPU.Build.0 = Debug|iPhoneSimulator
		{ED1EC96F-17FA-4435-889C-A9BB173AAD32}.Debug|Any CPU.Deploy.0 = Debug|iPhoneSimulator
		{ED1EC96F-17FA-4435-889C-A9BB173AAD32}.Debug|iPhone.ActiveCfg = Debug|iPhone
		{ED1EC96F-17FA-4435-889C-A9BB173AAD32}.Debug|iPhone.Build.0 = Debug|iPhone
		{ED1EC96F-17FA-4435-889C-A9BB173AAD32}.Debug|iPhone.Deploy.0 = Debug|iPhone
		{ED1EC96F-17FA-4435-889C-A9BB173AAD32}.Debug|iPhoneSimulator.ActiveCfg = Debug|iPhoneSimulator
		{ED1EC96F-17FA-4435-889C-A9BB173AAD32}.Debug|iPhoneSimulator.Build.0 = Debug|iPhoneSimulator
		{ED1EC96F-17FA-4435-889C-A9BB173AAD32}.Debug|iPhoneSimulator.Deploy.0 = Debug|iPhoneSimulator
		{ED1EC96F-17FA-4435-889C-A9BB173AAD32}.Release|Any CPU.ActiveCfg = Release|iPhone
		{ED1EC96F-17FA-4435-889C-A9BB173AAD32}.Release|Any CPU.Build.0 = Release|iPhone
		{ED1EC96F-17FA-4435-889C-A9BB173AAD32}.Release|Any CPU.Deploy.0 = Release|iPhone
		{ED1EC96F-17FA-4435-889C-A9BB173AAD32}.Release|iPhone.ActiveCfg = Release|iPhone
		{ED1EC96F-17FA-4435-889C-A9BB173AAD32}.Release|iPhone.Build.0 = Release|iPhone
		{ED1EC96F-17FA-4435-889C-A9BB173AAD32}.Release|iPhone.Deploy.0 = Release|iPhone
		{ED1EC96F-17FA-4435-889C-A9BB173AAD32}.Release|iPhoneSimulator.ActiveCfg = Release|iPhoneSimulator
		{ED1EC96F-17FA-4435-889C-A9BB173AAD32}.Release|iPhoneSimulator.Build.0 = Release|iPhoneSimulator
		{ED1EC96F-17FA-4435-889C-A9BB173AAD32}.Release|iPhoneSimulator.Deploy.0 = Release|iPhoneSimulator
		{A8A3BCE2-6260-4918-86B0-B5694B00DDE3}.Debug|Any CPU.ActiveCfg = Debug|Any CPU
		{A8A3BCE2-6260-4918-86B0-B5694B00DDE3}.Debug|Any CPU.Build.0 = Debug|Any CPU
		{A8A3BCE2-6260-4918-86B0-B5694B00DDE3}.Debug|Any CPU.Deploy.0 = Debug|Any CPU
		{A8A3BCE2-6260-4918-86B0-B5694B00DDE3}.Debug|iPhone.ActiveCfg = Debug|Any CPU
		{A8A3BCE2-6260-4918-86B0-B5694B00DDE3}.Debug|iPhone.Build.0 = Debug|Any CPU
		{A8A3BCE2-6260-4918-86B0-B5694B00DDE3}.Debug|iPhone.Deploy.0 = Debug|Any CPU
		{A8A3BCE2-6260-4918-86B0-B5694B00DDE3}.Debug|iPhoneSimulator.ActiveCfg = Debug|Any CPU
		{A8A3BCE2-6260-4918-86B0-B5694B00DDE3}.Debug|iPhoneSimulator.Build.0 = Debug|Any CPU
		{A8A3BCE2-6260-4918-86B0-B5694B00DDE3}.Debug|iPhoneSimulator.Deploy.0 = Debug|Any CPU
		{A8A3BCE2-6260-4918-86B0-B5694B00DDE3}.Release|Any CPU.ActiveCfg = Release|Any CPU
		{A8A3BCE2-6260-4918-86B0-B5694B00DDE3}.Release|Any CPU.Build.0 = Release|Any CPU
		{A8A3BCE2-6260-4918-86B0-B5694B00DDE3}.Release|Any CPU.Deploy.0 = Release|Any CPU
		{A8A3BCE2-6260-4918-86B0-B5694B00DDE3}.Release|iPhone.ActiveCfg = Release|Any CPU
		{A8A3BCE2-6260-4918-86B0-B5694B00DDE3}.Release|iPhone.Build.0 = Release|Any CPU
		{A8A3BCE2-6260-4918-86B0-B5694B00DDE3}.Release|iPhone.Deploy.0 = Release|Any CPU
		{A8A3BCE2-6260-4918-86B0-B5694B00DDE3}.Release|iPhoneSimulator.ActiveCfg = Release|Any CPU
		{A8A3BCE2-6260-4918-86B0-B5694B00DDE3}.Release|iPhoneSimulator.Build.0 = Release|Any CPU
		{A8A3BCE2-6260-4918-86B0-B5694B00DDE3}.Release|iPhoneSimulator.Deploy.0 = Release|Any CPU
	EndGlobalSection
	GlobalSection(SolutionProperties) = preSolution
		HideSolutionNode = FALSE
	EndGlobalSection
	GlobalSection(ExtensibilityGlobals) = postSolution
		SolutionGuid = {4B518AFE-EC13-4DAE-8F19-D1DDD45A2A8A}
	EndGlobalSection
EndGlobal
